
Microsoft Visual Studio Solution File, Format Version 12.00
# Visual Studio Version 17
VisualStudioVersion = 17.11.35327.3
MinimumVisualStudioVersion = 10.0.40219.1
Project("{8BC9CEB8-8B4A-11D0-8D11-00A0C91BC942}") = "Lab06_3it", "Lab06_3it\Lab06_3it.vcxproj", "{30A180C8-7C6D-46DF-B76B-F91B210C2939}"
EndProject
Project("{8BC9CEB8-8B4A-11D0-8D11-00A0C91BC942}") = "UnitTest1", "UnitTest1\UnitTest1.vcxproj", "{B03031EC-7C72-4988-8F2A-07C2BB79AA85}"
EndProject
Global
	GlobalSection(SolutionConfigurationPlatforms) = preSolution
		Debug|x64 = Debug|x64
		Debug|x86 = Debug|x86
		Release|x64 = Release|x64
		Release|x86 = Release|x86
	EndGlobalSection
	GlobalSection(ProjectConfigurationPlatforms) = postSolution
		{30A180C8-7C6D-46DF-B76B-F91B210C2939}.Debug|x64.ActiveCfg = Debug|x64
		{30A180C8-7C6D-46DF-B76B-F91B210C2939}.Debug|x64.Build.0 = Debug|x64
		{30A180C8-7C6D-46DF-B76B-F91B210C2939}.Debug|x86.ActiveCfg = Debug|Win32
		{30A180C8-7C6D-46DF-B76B-F91B210C2939}.Debug|x86.Build.0 = Debug|Win32
		{30A180C8-7C6D-46DF-B76B-F91B210C2939}.Release|x64.ActiveCfg = Release|x64
		{30A180C8-7C6D-46DF-B76B-F91B210C2939}.Release|x64.Build.0 = Release|x64
		{30A180C8-7C6D-46DF-B76B-F91B210C2939}.Release|x86.ActiveCfg = Release|Win32
		{30A180C8-7C6D-46DF-B76B-F91B210C2939}.Release|x86.Build.0 = Release|Win32
		{B03031EC-7C72-4988-8F2A-07C2BB79AA85}.Debug|x64.ActiveCfg = Debug|x64
		{B03031EC-7C72-4988-8F2A-07C2BB79AA85}.Debug|x64.Build.0 = Debug|x64
		{B03031EC-7C72-4988-8F2A-07C2BB79AA85}.Debug|x86.ActiveCfg = Debug|Win32
		{B03031EC-7C72-4988-8F2A-07C2BB79AA85}.Debug|x86.Build.0 = Debug|Win32
		{B03031EC-7C72-4988-8F2A-07C2BB79AA85}.Release|x64.ActiveCfg = Release|x64
		{B03031EC-7C72-4988-8F2A-07C2BB79AA85}.Release|x64.Build.0 = Release|x64
		{B03031EC-7C72-4988-8F2A-07C2BB79AA85}.Release|x86.ActiveCfg = Release|Win32
		{B03031EC-7C72-4988-8F2A-07C2BB79AA85}.Release|x86.Build.0 = Release|Win32
	EndGlobalSection
	GlobalSection(SolutionProperties) = preSolution
		HideSolutionNode = FALSE
	EndGlobalSection
	GlobalSection(ExtensibilityGlobals) = postSolution
		SolutionGuid = {C7CC9192-94D3-431F-B553-21F10CD4E3BC}
	EndGlobalSection
EndGlobal
